
Microsoft Visual Studio Solution File, Format Version 12.00
# Visual Studio Version 17
VisualStudioVersion = 17.5.33530.505
MinimumVisualStudioVersion = 10.0.40219.1
Project("{FAE04EC0-301F-11D3-BF4B-00C04F79EFBC}") = "AdvocateAPI", "AdvocateAPI.csproj", "{E9D6230A-2BF0-4A60-82AC-8ACD5ACD7526}"
EndProject
Global
	GlobalSection(SolutionConfigurationPlatforms) = preSolution
		Debug|Any CPU = Debug|Any CPU
		Release|Any CPU = Release|Any CPU
	EndGlobalSection
	GlobalSection(ProjectConfigurationPlatforms) = postSolution
		{E9D6230A-2BF0-4A60-82AC-8ACD5ACD7526}.Debug|Any CPU.ActiveCfg = Debug|Any CPU
		{E9D6230A-2BF0-4A60-82AC-8ACD5ACD7526}.Debug|Any CPU.Build.0 = Debug|Any CPU
		{E9D6230A-2BF0-4A60-82AC-8ACD5ACD7526}.Release|Any CPU.ActiveCfg = Release|Any CPU
		{E9D6230A-2BF0-4A60-82AC-8ACD5ACD7526}.Release|Any CPU.Build.0 = Release|Any CPU
	EndGlobalSection
	GlobalSection(SolutionProperties) = preSolution
		HideSolutionNode = FALSE
	EndGlobalSection
	GlobalSection(ExtensibilityGlobals) = postSolution
		SolutionGuid = {D889F6CF-EAB3-48BE-9B09-84F10F600E1F}
	EndGlobalSection
EndGlobal
