
Microsoft Visual Studio Solution File, Format Version 12.00
# Visual Studio Version 17
VisualStudioVersion = 17.6.33712.159
MinimumVisualStudioVersion = 10.0.40219.1
Project("{FAE04EC0-301F-11D3-BF4B-00C04F79EFBC}") = "SampleNtierArchitecture", "SampleNtierArchitecture.csproj", "{3748F3B3-9845-4F3A-B2C6-4C241E833561}"
EndProject
Project("{FAE04EC0-301F-11D3-BF4B-00C04F79EFBC}") = "BOL", "..\BOL\BOL.csproj", "{6331980C-1658-4499-B9DD-C55A23F7D797}"
EndProject
Project("{FAE04EC0-301F-11D3-BF4B-00C04F79EFBC}") = "BLL", "..\BLL\BLL.csproj", "{22F6B095-95C5-4F93-9337-86B06BC4D560}"
EndProject
Project("{FAE04EC0-301F-11D3-BF4B-00C04F79EFBC}") = "DAL", "..\DAL\DAL.csproj", "{FA328E2B-6B0D-4EA9-982F-A2C4082EA1D8}"
EndProject
Global
	GlobalSection(SolutionConfigurationPlatforms) = preSolution
		Debug|Any CPU = Debug|Any CPU
		Release|Any CPU = Release|Any CPU
	EndGlobalSection
	GlobalSection(ProjectConfigurationPlatforms) = postSolution
		{3748F3B3-9845-4F3A-B2C6-4C241E833561}.Debug|Any CPU.ActiveCfg = Debug|Any CPU
		{3748F3B3-9845-4F3A-B2C6-4C241E833561}.Debug|Any CPU.Build.0 = Debug|Any CPU
		{3748F3B3-9845-4F3A-B2C6-4C241E833561}.Release|Any CPU.ActiveCfg = Release|Any CPU
		{3748F3B3-9845-4F3A-B2C6-4C241E833561}.Release|Any CPU.Build.0 = Release|Any CPU
		{6331980C-1658-4499-B9DD-C55A23F7D797}.Debug|Any CPU.ActiveCfg = Debug|Any CPU
		{6331980C-1658-4499-B9DD-C55A23F7D797}.Debug|Any CPU.Build.0 = Debug|Any CPU
		{6331980C-1658-4499-B9DD-C55A23F7D797}.Release|Any CPU.ActiveCfg = Release|Any CPU
		{6331980C-1658-4499-B9DD-C55A23F7D797}.Release|Any CPU.Build.0 = Release|Any CPU
		{22F6B095-95C5-4F93-9337-86B06BC4D560}.Debug|Any CPU.ActiveCfg = Debug|Any CPU
		{22F6B095-95C5-4F93-9337-86B06BC4D560}.Debug|Any CPU.Build.0 = Debug|Any CPU
		{22F6B095-95C5-4F93-9337-86B06BC4D560}.Release|Any CPU.ActiveCfg = Release|Any CPU
		{22F6B095-95C5-4F93-9337-86B06BC4D560}.Release|Any CPU.Build.0 = Release|Any CPU
		{FA328E2B-6B0D-4EA9-982F-A2C4082EA1D8}.Debug|Any CPU.ActiveCfg = Debug|Any CPU
		{FA328E2B-6B0D-4EA9-982F-A2C4082EA1D8}.Debug|Any CPU.Build.0 = Debug|Any CPU
		{FA328E2B-6B0D-4EA9-982F-A2C4082EA1D8}.Release|Any CPU.ActiveCfg = Release|Any CPU
		{FA328E2B-6B0D-4EA9-982F-A2C4082EA1D8}.Release|Any CPU.Build.0 = Release|Any CPU
	EndGlobalSection
	GlobalSection(SolutionProperties) = preSolution
		HideSolutionNode = FALSE
	EndGlobalSection
	GlobalSection(ExtensibilityGlobals) = postSolution
		SolutionGuid = {ACD861D1-F144-455B-AAEB-DE521DBECF3C}
	EndGlobalSection
EndGlobal
