
Microsoft Visual Studio Solution File, Format Version 12.00
# Visual Studio Version 17
VisualStudioVersion = 17.5.33516.290
MinimumVisualStudioVersion = 10.0.40219.1
Project("{FAE04EC0-301F-11D3-BF4B-00C04F79EFBC}") = "List_Basics_1", "List_Basics_1.csproj", "{069E908B-0380-4E0E-A07A-EEB6124C83B0}"
EndProject
Global
	GlobalSection(SolutionConfigurationPlatforms) = preSolution
		Debug|Any CPU = Debug|Any CPU
		Release|Any CPU = Release|Any CPU
	EndGlobalSection
	GlobalSection(ProjectConfigurationPlatforms) = postSolution
		{069E908B-0380-4E0E-A07A-EEB6124C83B0}.Debug|Any CPU.ActiveCfg = Debug|Any CPU
		{069E908B-0380-4E0E-A07A-EEB6124C83B0}.Debug|Any CPU.Build.0 = Debug|Any CPU
		{069E908B-0380-4E0E-A07A-EEB6124C83B0}.Release|Any CPU.ActiveCfg = Release|Any CPU
		{069E908B-0380-4E0E-A07A-EEB6124C83B0}.Release|Any CPU.Build.0 = Release|Any CPU
	EndGlobalSection
	GlobalSection(SolutionProperties) = preSolution
		HideSolutionNode = FALSE
	EndGlobalSection
	GlobalSection(ExtensibilityGlobals) = postSolution
		SolutionGuid = {DBDC44FC-4DEF-4C45-8C1A-8282B8C0687B}
	EndGlobalSection
EndGlobal
