
Microsoft Visual Studio Solution File, Format Version 12.00
# Visual Studio Version 17
VisualStudioVersion = 17.5.33516.290
MinimumVisualStudioVersion = 10.0.40219.1
Project("{FAE04EC0-301F-11D3-BF4B-00C04F79EFBC}") = "RealEstateAPI", "RealEstateAPI.csproj", "{628E96DE-184F-4969-81D9-F26ADA4621F2}"
EndProject
Global
	GlobalSection(SolutionConfigurationPlatforms) = preSolution
		Debug|Any CPU = Debug|Any CPU
		Release|Any CPU = Release|Any CPU
	EndGlobalSection
	GlobalSection(ProjectConfigurationPlatforms) = postSolution
		{628E96DE-184F-4969-81D9-F26ADA4621F2}.Debug|Any CPU.ActiveCfg = Debug|Any CPU
		{628E96DE-184F-4969-81D9-F26ADA4621F2}.Debug|Any CPU.Build.0 = Debug|Any CPU
		{628E96DE-184F-4969-81D9-F26ADA4621F2}.Release|Any CPU.ActiveCfg = Release|Any CPU
		{628E96DE-184F-4969-81D9-F26ADA4621F2}.Release|Any CPU.Build.0 = Release|Any CPU
	EndGlobalSection
	GlobalSection(SolutionProperties) = preSolution
		HideSolutionNode = FALSE
	EndGlobalSection
	GlobalSection(ExtensibilityGlobals) = postSolution
		SolutionGuid = {5E86592E-420D-4BE1-A105-110C34BA5E50}
	EndGlobalSection
EndGlobal
