
Microsoft Visual Studio Solution File, Format Version 12.00
# Visual Studio Version 17
VisualStudioVersion = 17.5.33516.290
MinimumVisualStudioVersion = 10.0.40219.1
Project("{FAE04EC0-301F-11D3-BF4B-00C04F79EFBC}") = "OOPS_2", "OOPS_2.csproj", "{DB9771D7-7D3C-4A76-9149-82698B9C9AB8}"
EndProject
Global
	GlobalSection(SolutionConfigurationPlatforms) = preSolution
		Debug|Any CPU = Debug|Any CPU
		Release|Any CPU = Release|Any CPU
	EndGlobalSection
	GlobalSection(ProjectConfigurationPlatforms) = postSolution
		{DB9771D7-7D3C-4A76-9149-82698B9C9AB8}.Debug|Any CPU.ActiveCfg = Debug|Any CPU
		{DB9771D7-7D3C-4A76-9149-82698B9C9AB8}.Debug|Any CPU.Build.0 = Debug|Any CPU
		{DB9771D7-7D3C-4A76-9149-82698B9C9AB8}.Release|Any CPU.ActiveCfg = Release|Any CPU
		{DB9771D7-7D3C-4A76-9149-82698B9C9AB8}.Release|Any CPU.Build.0 = Release|Any CPU
	EndGlobalSection
	GlobalSection(SolutionProperties) = preSolution
		HideSolutionNode = FALSE
	EndGlobalSection
	GlobalSection(ExtensibilityGlobals) = postSolution
		SolutionGuid = {FCA53331-F187-4EA7-B831-17C6E9C1FEF4}
	EndGlobalSection
EndGlobal
